Microsoft Visual Studio Solution File, Format Version 11.00
# Visual Studio 2008

Project("{451221E7-E233-900C-2024-D5916ECDCB3A}") = "SpaceTrader", "Assembly-CSharp.csproj", "{110FE277-AD05-DC42-476F-A2F4B92E9C75}"
EndProject
Global
	GlobalSection(SolutionConfigurationPlatforms) = preSolution
		Debug|Any CPU = Debug|Any CPU
		Release|Any CPU = Release|Any CPU
	EndGlobalSection
	GlobalSection(ProjectConfigurationPlatforms) = postSolution
		{110FE277-AD05-DC42-476F-A2F4B92E9C75}.Debug|Any CPU.ActiveCfg = Debug|Any CPU
		{110FE277-AD05-DC42-476F-A2F4B92E9C75}.Debug|Any CPU.Build.0 = Debug|Any CPU
		{110FE277-AD05-DC42-476F-A2F4B92E9C75}.Release|Any CPU.ActiveCfg = Release|Any CPU
		{110FE277-AD05-DC42-476F-A2F4B92E9C75}.Release|Any CPU.Build.0 = Release|Any CPU
	EndGlobalSection
	GlobalSection(SolutionProperties) = preSolution
		HideSolutionNode = FALSE
	EndGlobalSection
	GlobalSection(MonoDevelopProperties) = preSolution
		StartupItem = Assembly-CSharp.csproj
	EndGlobalSection
EndGlobal
